
Microsoft Visual Studio Solution File, Format Version 12.00
# Visual Studio Version 17
VisualStudioVersion = 17.9.34902.65
MinimumVisualStudioVersion = 10.0.40219.1
Project("{9A19103F-16F7-4668-BE54-9A1E7A4F7556}") = "RazorApp", "RazorApp\RazorApp.csproj", "{C172627D-C850-4F4E-8BE5-A3223E5FF2B6}"
EndProject
Global
	GlobalSection(SolutionConfigurationPlatforms) = preSolution
		Debug|Any CPU = Debug|Any CPU
		Release|Any CPU = Release|Any CPU
	EndGlobalSection
	GlobalSection(ProjectConfigurationPlatforms) = postSolution
		{C172627D-C850-4F4E-8BE5-A3223E5FF2B6}.Debug|Any CPU.ActiveCfg = Debug|Any CPU
		{C172627D-C850-4F4E-8BE5-A3223E5FF2B6}.Debug|Any CPU.Build.0 = Debug|Any CPU
		{C172627D-C850-4F4E-8BE5-A3223E5FF2B6}.Release|Any CPU.ActiveCfg = Release|Any CPU
		{C172627D-C850-4F4E-8BE5-A3223E5FF2B6}.Release|Any CPU.Build.0 = Release|Any CPU
	EndGlobalSection
	GlobalSection(SolutionProperties) = preSolution
		HideSolutionNode = FALSE
	EndGlobalSection
	GlobalSection(ExtensibilityGlobals) = postSolution
		SolutionGuid = {5BF28CF3-269E-40E0-8378-62F916E70F41}
	EndGlobalSection
EndGlobal
